# This file is automatically @generated by Poetry 1.6.1 and should not be changed by hand.
# This is a placeholder lock file. Run 'poetry lock' to generate the actual lock file.

[[package]]
name = "placeholder"
version = "0.0.0"
description = "Placeholder package"
optional = false
python-versions = "*"
files = []

[metadata]
lock-version = "2.0"
python-versions = "^3.12"
content-hash = "placeholder"